
Microsoft Visual Studio Solution File, Format Version 12.00
# Visual Studio Version 17
VisualStudioVersion = 17.2.32630.192
MinimumVisualStudioVersion = 10.0.40219.1
Project("{FAE04EC0-301F-11D3-BF4B-00C04F79EFBC}") = "CoreDemo", "CoreDemo\CoreDemo.csproj", "{8A2FC756-85D7-4409-B7E8-452114A0A6A0}"
EndProject
Project("{FAE04EC0-301F-11D3-BF4B-00C04F79EFBC}") = "EntityLayer", "EntityLayer\EntityLayer.csproj", "{8027B279-E3A6-4E05-88E3-655A6D5ED3C0}"
EndProject
Project("{FAE04EC0-301F-11D3-BF4B-00C04F79EFBC}") = "DataAccessLayer", "DataAccessLayer\DataAccessLayer.csproj", "{90BAC62A-3922-4B95-AE2D-FEA24B1EE318}"
EndProject
Project("{FAE04EC0-301F-11D3-BF4B-00C04F79EFBC}") = "BusinessLayer", "BusinessLayer\BusinessLayer.csproj", "{8A9A7DC6-DB38-44FB-8EC4-A7284C5E5B3B}"
EndProject
Project("{FAE04EC0-301F-11D3-BF4B-00C04F79EFBC}") = "CoreLayer", "CoreLayer\CoreLayer.csproj", "{1999F7A7-9501-43D6-A453-C3AE917DC26F}"
EndProject
Global
	GlobalSection(SolutionConfigurationPlatforms) = preSolution
		Debug|Any CPU = Debug|Any CPU
		Release|Any CPU = Release|Any CPU
	EndGlobalSection
	GlobalSection(ProjectConfigurationPlatforms) = postSolution
		{8A2FC756-85D7-4409-B7E8-452114A0A6A0}.Debug|Any CPU.ActiveCfg = Debug|Any CPU
		{8A2FC756-85D7-4409-B7E8-452114A0A6A0}.Debug|Any CPU.Build.0 = Debug|Any CPU
		{8A2FC756-85D7-4409-B7E8-452114A0A6A0}.Release|Any CPU.ActiveCfg = Release|Any CPU
		{8A2FC756-85D7-4409-B7E8-452114A0A6A0}.Release|Any CPU.Build.0 = Release|Any CPU
		{8027B279-E3A6-4E05-88E3-655A6D5ED3C0}.Debug|Any CPU.ActiveCfg = Debug|Any CPU
		{8027B279-E3A6-4E05-88E3-655A6D5ED3C0}.Debug|Any CPU.Build.0 = Debug|Any CPU
		{8027B279-E3A6-4E05-88E3-655A6D5ED3C0}.Release|Any CPU.ActiveCfg = Release|Any CPU
		{8027B279-E3A6-4E05-88E3-655A6D5ED3C0}.Release|Any CPU.Build.0 = Release|Any CPU
		{90BAC62A-3922-4B95-AE2D-FEA24B1EE318}.Debug|Any CPU.ActiveCfg = Debug|Any CPU
		{90BAC62A-3922-4B95-AE2D-FEA24B1EE318}.Debug|Any CPU.Build.0 = Debug|Any CPU
		{90BAC62A-3922-4B95-AE2D-FEA24B1EE318}.Release|Any CPU.ActiveCfg = Release|Any CPU
		{90BAC62A-3922-4B95-AE2D-FEA24B1EE318}.Release|Any CPU.Build.0 = Release|Any CPU
		{8A9A7DC6-DB38-44FB-8EC4-A7284C5E5B3B}.Debug|Any CPU.ActiveCfg = Debug|Any CPU
		{8A9A7DC6-DB38-44FB-8EC4-A7284C5E5B3B}.Debug|Any CPU.Build.0 = Debug|Any CPU
		{8A9A7DC6-DB38-44FB-8EC4-A7284C5E5B3B}.Release|Any CPU.ActiveCfg = Release|Any CPU
		{8A9A7DC6-DB38-44FB-8EC4-A7284C5E5B3B}.Release|Any CPU.Build.0 = Release|Any CPU
		{1999F7A7-9501-43D6-A453-C3AE917DC26F}.Debug|Any CPU.ActiveCfg = Debug|Any CPU
		{1999F7A7-9501-43D6-A453-C3AE917DC26F}.Debug|Any CPU.Build.0 = Debug|Any CPU
		{1999F7A7-9501-43D6-A453-C3AE917DC26F}.Release|Any CPU.ActiveCfg = Release|Any CPU
		{1999F7A7-9501-43D6-A453-C3AE917DC26F}.Release|Any CPU.Build.0 = Release|Any CPU
	EndGlobalSection
	GlobalSection(SolutionProperties) = preSolution
		HideSolutionNode = FALSE
	EndGlobalSection
	GlobalSection(ExtensibilityGlobals) = postSolution
		SolutionGuid = {E9CCD61E-F414-4AE3-ACB3-90E39EE2706D}
	EndGlobalSection
EndGlobal
